
Microsoft Visual Studio Solution File, Format Version 12.00
# Visual Studio Version 17
VisualStudioVersion = 17.6.33723.286
MinimumVisualStudioVersion = 10.0.40219.1
Project("{FAE04EC0-301F-11D3-BF4B-00C04F79EFBC}") = "ApiBrokerRabbit", "ApiBrokerRabbit\ApiBrokerRabbit.csproj", "{607EE8C6-A587-483B-A4F0-E4844A373506}"
EndProject
Global
	GlobalSection(SolutionConfigurationPlatforms) = preSolution
		Debug|Any CPU = Debug|Any CPU
		Release|Any CPU = Release|Any CPU
	EndGlobalSection
	GlobalSection(ProjectConfigurationPlatforms) = postSolution
		{607EE8C6-A587-483B-A4F0-E4844A373506}.Debug|Any CPU.ActiveCfg = Debug|Any CPU
		{607EE8C6-A587-483B-A4F0-E4844A373506}.Debug|Any CPU.Build.0 = Debug|Any CPU
		{607EE8C6-A587-483B-A4F0-E4844A373506}.Release|Any CPU.ActiveCfg = Release|Any CPU
		{607EE8C6-A587-483B-A4F0-E4844A373506}.Release|Any CPU.Build.0 = Release|Any CPU
	EndGlobalSection
	GlobalSection(SolutionProperties) = preSolution
		HideSolutionNode = FALSE
	EndGlobalSection
	GlobalSection(ExtensibilityGlobals) = postSolution
		SolutionGuid = {B9FEC352-9DB7-46F0-8EC7-FCE29CCCCCDF}
	EndGlobalSection
EndGlobal
